
Microsoft Visual Studio Solution File, Format Version 12.00
# Visual Studio Version 16
VisualStudioVersion = 16.0.29209.62
MinimumVisualStudioVersion = 10.0.40219.1
Project("{8BC9CEB8-8B4A-11D0-8D11-00A0C91BC942}") = "Task01", "Task01\Task01.vcxproj", "{A18C951B-564B-46E4-9A98-10BD9F339441}"
EndProject
Global
	GlobalSection(SolutionConfigurationPlatforms) = preSolution
		Debug|x64 = Debug|x64
		Debug|x86 = Debug|x86
		Release|x64 = Release|x64
		Release|x86 = Release|x86
	EndGlobalSection
	GlobalSection(ProjectConfigurationPlatforms) = postSolution
		{A18C951B-564B-46E4-9A98-10BD9F339441}.Debug|x64.ActiveCfg = Debug|x64
		{A18C951B-564B-46E4-9A98-10BD9F339441}.Debug|x64.Build.0 = Debug|x64
		{A18C951B-564B-46E4-9A98-10BD9F339441}.Debug|x86.ActiveCfg = Debug|Win32
		{A18C951B-564B-46E4-9A98-10BD9F339441}.Debug|x86.Build.0 = Debug|Win32
		{A18C951B-564B-46E4-9A98-10BD9F339441}.Release|x64.ActiveCfg = Release|x64
		{A18C951B-564B-46E4-9A98-10BD9F339441}.Release|x64.Build.0 = Release|x64
		{A18C951B-564B-46E4-9A98-10BD9F339441}.Release|x86.ActiveCfg = Release|Win32
		{A18C951B-564B-46E4-9A98-10BD9F339441}.Release|x86.Build.0 = Release|Win32
	EndGlobalSection
	GlobalSection(SolutionProperties) = preSolution
		HideSolutionNode = FALSE
	EndGlobalSection
	GlobalSection(ExtensibilityGlobals) = postSolution
		SolutionGuid = {FA08895C-25F8-40A4-9BB0-9AC6A6188A3D}
	EndGlobalSection
EndGlobal
